
Microsoft Visual Studio Solution File, Format Version 12.00
# Visual Studio 15
VisualStudioVersion = 15.0.26730.15
MinimumVisualStudioVersion = 10.0.40219.1
Project("{8BC9CEB8-8B4A-11D0-8D11-00A0C91BC942}") = "ConsoleApplication5", "ConsoleApplication5\ConsoleApplication5.vcxproj", "{4680707E-D687-435F-B01F-3AE7A50D9629}"
EndProject
Global
	GlobalSection(SolutionConfigurationPlatforms) = preSolution
		Debug|x64 = Debug|x64
		Debug|x86 = Debug|x86
		Release|x64 = Release|x64
		Release|x86 = Release|x86
	EndGlobalSection
	GlobalSection(ProjectConfigurationPlatforms) = postSolution
		{4680707E-D687-435F-B01F-3AE7A50D9629}.Debug|x64.ActiveCfg = Debug|x64
		{4680707E-D687-435F-B01F-3AE7A50D9629}.Debug|x64.Build.0 = Debug|x64
		{4680707E-D687-435F-B01F-3AE7A50D9629}.Debug|x86.ActiveCfg = Debug|x64
		{4680707E-D687-435F-B01F-3AE7A50D9629}.Debug|x86.Build.0 = Debug|x64
		{4680707E-D687-435F-B01F-3AE7A50D9629}.Release|x64.ActiveCfg = Release|x64
		{4680707E-D687-435F-B01F-3AE7A50D9629}.Release|x64.Build.0 = Release|x64
		{4680707E-D687-435F-B01F-3AE7A50D9629}.Release|x86.ActiveCfg = Release|Win32
		{4680707E-D687-435F-B01F-3AE7A50D9629}.Release|x86.Build.0 = Release|Win32
	EndGlobalSection
	GlobalSection(SolutionProperties) = preSolution
		HideSolutionNode = FALSE
	EndGlobalSection
	GlobalSection(ExtensibilityGlobals) = postSolution
		SolutionGuid = {E0B8F6D7-E5B3-4BDB-874E-9ED9B54A41FA}
	EndGlobalSection
EndGlobal
